
Microsoft Visual Studio Solution File, Format Version 12.00
# Visual Studio Version 16
VisualStudioVersion = 16.0.31702.278
MinimumVisualStudioVersion = 10.0.40219.1
Project("{FAE04EC0-301F-11D3-BF4B-00C04F79EFBC}") = "ProjektManager", "Gyakorlas12.08\ProjektManager.csproj", "{30C7ACF3-8A06-4B04-B31E-1EA193D9FE0B}"
EndProject
Global
	GlobalSection(SolutionConfigurationPlatforms) = preSolution
		Debug|Any CPU = Debug|Any CPU
		Release|Any CPU = Release|Any CPU
	EndGlobalSection
	GlobalSection(ProjectConfigurationPlatforms) = postSolution
		{30C7ACF3-8A06-4B04-B31E-1EA193D9FE0B}.Debug|Any CPU.ActiveCfg = Debug|Any CPU
		{30C7ACF3-8A06-4B04-B31E-1EA193D9FE0B}.Debug|Any CPU.Build.0 = Debug|Any CPU
		{30C7ACF3-8A06-4B04-B31E-1EA193D9FE0B}.Release|Any CPU.ActiveCfg = Release|Any CPU
		{30C7ACF3-8A06-4B04-B31E-1EA193D9FE0B}.Release|Any CPU.Build.0 = Release|Any CPU
	EndGlobalSection
	GlobalSection(SolutionProperties) = preSolution
		HideSolutionNode = FALSE
	EndGlobalSection
	GlobalSection(ExtensibilityGlobals) = postSolution
		SolutionGuid = {A2405944-BC9C-400E-8FC5-45F9961533C9}
	EndGlobalSection
EndGlobal
